
Microsoft Visual Studio Solution File, Format Version 12.00
# Visual Studio 2012
Project("{2150E333-8FDC-42A3-9474-1A3956D46DE8}") = "Solution Items", "Solution Items", "{3EEB05F2-5FF0-48C6-8240-C295A6424463}"
	ProjectSection(SolutionItems) = preProject
		www\css\app.css = www\css\app.css
		www\js\app.js = www\js\app.js
		config.xml = config.xml
		www\index.html = www\index.html
	EndProjectSection
EndProject
Global
	GlobalSection(SolutionProperties) = preSolution
		HideSolutionNode = FALSE
	EndGlobalSection
EndGlobal
